
Microsoft Visual Studio Solution File, Format Version 12.00
# Visual Studio Version 17
VisualStudioVersion = 17.13.35828.75 d17.13
MinimumVisualStudioVersion = 10.0.40219.1
Project("{FAE04EC0-301F-11D3-BF4B-00C04F79EFBC}") = "MergeDayApi", "src\MergeDayApi\MergeDayApi.csproj", "{6ADA766D-FB8C-45DE-A7A0-E39324A8FE74}"
EndProject
Project("{2150E333-8FDC-42A3-9474-1A3956D46DE8}") = "Docker", "Docker", "{02EA681E-C7D8-13C7-8484-4AC65E1B71E8}"
	ProjectSection(SolutionItems) = preProject
		Docker\docker-compose.yaml = Docker\docker-compose.yaml
	EndProjectSection
EndProject
Global
	GlobalSection(SolutionConfigurationPlatforms) = preSolution
		Debug|Any CPU = Debug|Any CPU
		Release|Any CPU = Release|Any CPU
	EndGlobalSection
	GlobalSection(ProjectConfigurationPlatforms) = postSolution
		{6ADA766D-FB8C-45DE-A7A0-E39324A8FE74}.Debug|Any CPU.ActiveCfg = Debug|Any CPU
		{6ADA766D-FB8C-45DE-A7A0-E39324A8FE74}.Debug|Any CPU.Build.0 = Debug|Any CPU
		{6ADA766D-FB8C-45DE-A7A0-E39324A8FE74}.Release|Any CPU.ActiveCfg = Release|Any CPU
		{6ADA766D-FB8C-45DE-A7A0-E39324A8FE74}.Release|Any CPU.Build.0 = Release|Any CPU
	EndGlobalSection
	GlobalSection(SolutionProperties) = preSolution
		HideSolutionNode = FALSE
	EndGlobalSection
	GlobalSection(ExtensibilityGlobals) = postSolution
		SolutionGuid = {C6412093-1829-41A8-91E2-60610CF2A8EC}
	EndGlobalSection
EndGlobal
